
Microsoft Visual Studio Solution File, Format Version 9.00
# Visual Studio 2005
Project("{8BC9CEB8-8B4A-11D0-8D11-00A0C91BC942}") = "ChargeServer", "ChargeServer.vcproj", "{3A801D2A-FAB7-4068-A720-F27C61B30897}"
	ProjectSection(ProjectDependencies) = postProject
		{796796CD-B14D-4C0F-9086-8FB3A47DDA8B} = {796796CD-B14D-4C0F-9086-8FB3A47DDA8B}
		{F60B55CC-32E5-428E-BC41-B411CB3CAEF3} = {F60B55CC-32E5-428E-BC41-B411CB3CAEF3}
		{B7943F94-80AB-4493-9D58-88EF05408E58} = {B7943F94-80AB-4493-9D58-88EF05408E58}
	EndProjectSection
EndProject
Project("{8BC9CEB8-8B4A-11D0-8D11-00A0C91BC942}") = "ConsortiaServer", "ConsortiaServer.vcproj", "{C5416D31-DA2B-4EA0-8FE6-A5234267CA10}"
	ProjectSection(ProjectDependencies) = postProject
		{796796CD-B14D-4C0F-9086-8FB3A47DDA8B} = {796796CD-B14D-4C0F-9086-8FB3A47DDA8B}
		{F60B55CC-32E5-428E-BC41-B411CB3CAEF3} = {F60B55CC-32E5-428E-BC41-B411CB3CAEF3}
		{B7943F94-80AB-4493-9D58-88EF05408E58} = {B7943F94-80AB-4493-9D58-88EF05408E58}
	EndProjectSection
EndProject
Project("{8BC9CEB8-8B4A-11D0-8D11-00A0C91BC942}") = "gmServer", "gmServer.vcproj", "{57F7E910-8ED0-48F9-B1D7-E71033BA6D1B}"
	ProjectSection(ProjectDependencies) = postProject
		{796796CD-B14D-4C0F-9086-8FB3A47DDA8B} = {796796CD-B14D-4C0F-9086-8FB3A47DDA8B}
		{F60B55CC-32E5-428E-BC41-B411CB3CAEF3} = {F60B55CC-32E5-428E-BC41-B411CB3CAEF3}
		{B7943F94-80AB-4493-9D58-88EF05408E58} = {B7943F94-80AB-4493-9D58-88EF05408E58}
	EndProjectSection
EndProject
Project("{8BC9CEB8-8B4A-11D0-8D11-00A0C91BC942}") = "TaskServer", "TaskServer.vcproj", "{D5798566-E263-4F24-9A9A-DD6E15505F2B}"
	ProjectSection(ProjectDependencies) = postProject
		{796796CD-B14D-4C0F-9086-8FB3A47DDA8B} = {796796CD-B14D-4C0F-9086-8FB3A47DDA8B}
		{F60B55CC-32E5-428E-BC41-B411CB3CAEF3} = {F60B55CC-32E5-428E-BC41-B411CB3CAEF3}
		{B7943F94-80AB-4493-9D58-88EF05408E58} = {B7943F94-80AB-4493-9D58-88EF05408E58}
	EndProjectSection
EndProject
Project("{8BC9CEB8-8B4A-11D0-8D11-00A0C91BC942}") = "CountryMapSvr", "CountryMapSvr.vcproj", "{E69ACA2B-9EF5-41D7-9B6D-67A6FF9E7B82}"
	ProjectSection(ProjectDependencies) = postProject
		{F60B55CC-32E5-428E-BC41-B411CB3CAEF3} = {F60B55CC-32E5-428E-BC41-B411CB3CAEF3}
		{B7943F94-80AB-4493-9D58-88EF05408E58} = {B7943F94-80AB-4493-9D58-88EF05408E58}
		{C243EC91-F95C-4033-836A-1C785DB79FDA} = {C243EC91-F95C-4033-836A-1C785DB79FDA}
		{6AA8208A-85C9-423A-B77F-1787974D6723} = {6AA8208A-85C9-423A-B77F-1787974D6723}
		{8E63527A-08B7-4433-A401-1C10C6953E6E} = {8E63527A-08B7-4433-A401-1C10C6953E6E}
		{1C602771-6943-4457-B3B5-F37DBC341766} = {1C602771-6943-4457-B3B5-F37DBC341766}
		{91AA2615-2110-4D3F-BA5E-1DAB46601AB6} = {91AA2615-2110-4D3F-BA5E-1DAB46601AB6}
	EndProjectSection
EndProject
Project("{8BC9CEB8-8B4A-11D0-8D11-00A0C91BC942}") = "CountryFightSystem", "CountryFightSystem.vcproj", "{91AA2615-2110-4D3F-BA5E-1DAB46601AB6}"
EndProject
Project("{8BC9CEB8-8B4A-11D0-8D11-00A0C91BC942}") = "fightingstatistics", "fightingstatistics.vcproj", "{1C602771-6943-4457-B3B5-F37DBC341766}"
EndProject
Project("{8BC9CEB8-8B4A-11D0-8D11-00A0C91BC942}") = "ai", "ai.vcproj", "{C243EC91-F95C-4033-836A-1C785DB79FDA}"
	ProjectSection(ProjectDependencies) = postProject
		{C43D62A4-9E51-4833-A803-2B1C7B76750C} = {C43D62A4-9E51-4833-A803-2B1C7B76750C}
	EndProjectSection
EndProject
Project("{8BC9CEB8-8B4A-11D0-8D11-00A0C91BC942}") = "computinghurt", "computinghurt.vcproj", "{8E63527A-08B7-4433-A401-1C10C6953E6E}"
EndProject
Project("{8BC9CEB8-8B4A-11D0-8D11-00A0C91BC942}") = "um_web_client", "um_web_client.vcproj", "{796796CD-B14D-4C0F-9086-8FB3A47DDA8B}"
	ProjectSection(ProjectDependencies) = postProject
		{F60B55CC-32E5-428E-BC41-B411CB3CAEF3} = {F60B55CC-32E5-428E-BC41-B411CB3CAEF3}
	EndProjectSection
EndProject
Project("{8BC9CEB8-8B4A-11D0-8D11-00A0C91BC942}") = "socketsvc", "socketsvc.vcproj", "{B7943F94-80AB-4493-9D58-88EF05408E58}"
EndProject
Project("{8BC9CEB8-8B4A-11D0-8D11-00A0C91BC942}") = "EctypeSystem", "EctypeSystem.vcproj", "{206AC748-947E-4733-8BEE-E1E34F90ACE0}"
	ProjectSection(ProjectDependencies) = postProject
		{F60B55CC-32E5-428E-BC41-B411CB3CAEF3} = {F60B55CC-32E5-428E-BC41-B411CB3CAEF3}
		{C43D62A4-9E51-4833-A803-2B1C7B76750C} = {C43D62A4-9E51-4833-A803-2B1C7B76750C}
		{B7943F94-80AB-4493-9D58-88EF05408E58} = {B7943F94-80AB-4493-9D58-88EF05408E58}
		{C243EC91-F95C-4033-836A-1C785DB79FDA} = {C243EC91-F95C-4033-836A-1C785DB79FDA}
		{8E63527A-08B7-4433-A401-1C10C6953E6E} = {8E63527A-08B7-4433-A401-1C10C6953E6E}
		{1C602771-6943-4457-B3B5-F37DBC341766} = {1C602771-6943-4457-B3B5-F37DBC341766}
	EndProjectSection
EndProject
Project("{8BC9CEB8-8B4A-11D0-8D11-00A0C91BC942}") = "agentsvc", "agentsvc.vcproj", "{59D976AB-3026-4D21-806A-1E739D9C077C}"
EndProject
Project("{8BC9CEB8-8B4A-11D0-8D11-00A0C91BC942}") = "dbgatewaysvc", "dbgatewaysvc.vcproj", "{EE5EE5A4-39DE-42E3-A86B-BDEFA45686A1}"
EndProject
Project("{8BC9CEB8-8B4A-11D0-8D11-00A0C91BC942}") = "logsvc", "logsvc.vcproj", "{58F16C73-4103-4084-BBCD-9BFF019EAE9E}"
EndProject
Project("{8BC9CEB8-8B4A-11D0-8D11-00A0C91BC942}") = "loginsvc", "loginsvc.vcproj", "{E5DA9C23-112E-4D19-9E59-49354F816C7D}"
EndProject
Project("{8BC9CEB8-8B4A-11D0-8D11-00A0C91BC942}") = "managersvc", "managersvc.vcproj", "{3FF2B0DD-2EF4-488B-AA16-2F6E97A88426}"
EndProject
Project("{8BC9CEB8-8B4A-11D0-8D11-00A0C91BC942}") = "base64_enc_dec", "base64_enc_dec.vcproj", "{01584230-87DC-4984-9C78-F4E279B4F7BB}"
EndProject
Project("{8BC9CEB8-8B4A-11D0-8D11-00A0C91BC942}") = "DataServer", "DataServer.vcproj", "{7A15C1C2-7282-45E7-98EC-28EB2E4EDDBD}"
EndProject
Project("{8BC9CEB8-8B4A-11D0-8D11-00A0C91BC942}") = "um_web_server", "um_web_server.vcproj", "{3798851A-86BE-46BE-8E76-8FACBB5FC6DF}"
EndProject
Project("{8BC9CEB8-8B4A-11D0-8D11-00A0C91BC942}") = "IceUtil", "IceUtil.vcproj", "{F60B55CC-32E5-428E-BC41-B411CB3CAEF3}"
EndProject
Project("{8BC9CEB8-8B4A-11D0-8D11-00A0C91BC942}") = "ChatServer", "ChatServer.vcproj", "{AA737D07-134E-488C-8BBB-C26E59D63E5E}"
	ProjectSection(ProjectDependencies) = postProject
		{F60B55CC-32E5-428E-BC41-B411CB3CAEF3} = {F60B55CC-32E5-428E-BC41-B411CB3CAEF3}
		{B7943F94-80AB-4493-9D58-88EF05408E58} = {B7943F94-80AB-4493-9D58-88EF05408E58}
	EndProjectSection
EndProject
Project("{8BC9CEB8-8B4A-11D0-8D11-00A0C91BC942}") = "EquipSystem", "EquipSystem.vcproj", "{6AA8208A-85C9-423A-B77F-1787974D6723}"
EndProject
Project("{8BC9CEB8-8B4A-11D0-8D11-00A0C91BC942}") = "ISeekPath", "ISeekPath.vcproj", "{C43D62A4-9E51-4833-A803-2B1C7B76750C}"
EndProject
Project("{8BC9CEB8-8B4A-11D0-8D11-00A0C91BC942}") = "GameHall", "GameHall.vcproj", "{06E77489-11D7-4745-8C47-4F4F4D796797}"
	ProjectSection(ProjectDependencies) = postProject
		{B7943F94-80AB-4493-9D58-88EF05408E58} = {B7943F94-80AB-4493-9D58-88EF05408E58}
		{F60B55CC-32E5-428E-BC41-B411CB3CAEF3} = {F60B55CC-32E5-428E-BC41-B411CB3CAEF3}
	EndProjectSection
EndProject
Global
	GlobalSection(SolutionConfigurationPlatforms) = preSolution
		Debug|Win32 = Debug|Win32
		Release|Win32 = Release|Win32
	EndGlobalSection
	GlobalSection(ProjectConfigurationPlatforms) = postSolution
		{3A801D2A-FAB7-4068-A720-F27C61B30897}.Debug|Win32.ActiveCfg = Debug|Win32
		{3A801D2A-FAB7-4068-A720-F27C61B30897}.Debug|Win32.Build.0 = Debug|Win32
		{3A801D2A-FAB7-4068-A720-F27C61B30897}.Release|Win32.ActiveCfg = Release|Win32
		{3A801D2A-FAB7-4068-A720-F27C61B30897}.Release|Win32.Build.0 = Release|Win32
		{C5416D31-DA2B-4EA0-8FE6-A5234267CA10}.Debug|Win32.ActiveCfg = Debug|Win32
		{C5416D31-DA2B-4EA0-8FE6-A5234267CA10}.Debug|Win32.Build.0 = Debug|Win32
		{C5416D31-DA2B-4EA0-8FE6-A5234267CA10}.Release|Win32.ActiveCfg = Release|Win32
		{C5416D31-DA2B-4EA0-8FE6-A5234267CA10}.Release|Win32.Build.0 = Release|Win32
		{57F7E910-8ED0-48F9-B1D7-E71033BA6D1B}.Debug|Win32.ActiveCfg = Debug|Win32
		{57F7E910-8ED0-48F9-B1D7-E71033BA6D1B}.Debug|Win32.Build.0 = Debug|Win32
		{57F7E910-8ED0-48F9-B1D7-E71033BA6D1B}.Release|Win32.ActiveCfg = Release|Win32
		{57F7E910-8ED0-48F9-B1D7-E71033BA6D1B}.Release|Win32.Build.0 = Release|Win32
		{D5798566-E263-4F24-9A9A-DD6E15505F2B}.Debug|Win32.ActiveCfg = Debug|Win32
		{D5798566-E263-4F24-9A9A-DD6E15505F2B}.Debug|Win32.Build.0 = Debug|Win32
		{D5798566-E263-4F24-9A9A-DD6E15505F2B}.Release|Win32.ActiveCfg = Release|Win32
		{D5798566-E263-4F24-9A9A-DD6E15505F2B}.Release|Win32.Build.0 = Release|Win32
		{E69ACA2B-9EF5-41D7-9B6D-67A6FF9E7B82}.Debug|Win32.ActiveCfg = Debug|Win32
		{E69ACA2B-9EF5-41D7-9B6D-67A6FF9E7B82}.Debug|Win32.Build.0 = Debug|Win32
		{E69ACA2B-9EF5-41D7-9B6D-67A6FF9E7B82}.Release|Win32.ActiveCfg = Release|Win32
		{E69ACA2B-9EF5-41D7-9B6D-67A6FF9E7B82}.Release|Win32.Build.0 = Release|Win32
		{91AA2615-2110-4D3F-BA5E-1DAB46601AB6}.Debug|Win32.ActiveCfg = Debug|Win32
		{91AA2615-2110-4D3F-BA5E-1DAB46601AB6}.Debug|Win32.Build.0 = Debug|Win32
		{91AA2615-2110-4D3F-BA5E-1DAB46601AB6}.Release|Win32.ActiveCfg = Release|Win32
		{91AA2615-2110-4D3F-BA5E-1DAB46601AB6}.Release|Win32.Build.0 = Release|Win32
		{1C602771-6943-4457-B3B5-F37DBC341766}.Debug|Win32.ActiveCfg = Debug|Win32
		{1C602771-6943-4457-B3B5-F37DBC341766}.Debug|Win32.Build.0 = Debug|Win32
		{1C602771-6943-4457-B3B5-F37DBC341766}.Release|Win32.ActiveCfg = Release|Win32
		{1C602771-6943-4457-B3B5-F37DBC341766}.Release|Win32.Build.0 = Release|Win32
		{C243EC91-F95C-4033-836A-1C785DB79FDA}.Debug|Win32.ActiveCfg = Debug|Win32
		{C243EC91-F95C-4033-836A-1C785DB79FDA}.Debug|Win32.Build.0 = Debug|Win32
		{C243EC91-F95C-4033-836A-1C785DB79FDA}.Release|Win32.ActiveCfg = Release|Win32
		{C243EC91-F95C-4033-836A-1C785DB79FDA}.Release|Win32.Build.0 = Release|Win32
		{8E63527A-08B7-4433-A401-1C10C6953E6E}.Debug|Win32.ActiveCfg = Debug|Win32
		{8E63527A-08B7-4433-A401-1C10C6953E6E}.Debug|Win32.Build.0 = Debug|Win32
		{8E63527A-08B7-4433-A401-1C10C6953E6E}.Release|Win32.ActiveCfg = Release|Win32
		{8E63527A-08B7-4433-A401-1C10C6953E6E}.Release|Win32.Build.0 = Release|Win32
		{796796CD-B14D-4C0F-9086-8FB3A47DDA8B}.Debug|Win32.ActiveCfg = Debug|Win32
		{796796CD-B14D-4C0F-9086-8FB3A47DDA8B}.Debug|Win32.Build.0 = Debug|Win32
		{796796CD-B14D-4C0F-9086-8FB3A47DDA8B}.Release|Win32.ActiveCfg = Release|Win32
		{796796CD-B14D-4C0F-9086-8FB3A47DDA8B}.Release|Win32.Build.0 = Release|Win32
		{B7943F94-80AB-4493-9D58-88EF05408E58}.Debug|Win32.ActiveCfg = Debug|Win32
		{B7943F94-80AB-4493-9D58-88EF05408E58}.Debug|Win32.Build.0 = Debug|Win32
		{B7943F94-80AB-4493-9D58-88EF05408E58}.Release|Win32.ActiveCfg = Release|Win32
		{B7943F94-80AB-4493-9D58-88EF05408E58}.Release|Win32.Build.0 = Release|Win32
		{206AC748-947E-4733-8BEE-E1E34F90ACE0}.Debug|Win32.ActiveCfg = Debug|Win32
		{206AC748-947E-4733-8BEE-E1E34F90ACE0}.Debug|Win32.Build.0 = Debug|Win32
		{206AC748-947E-4733-8BEE-E1E34F90ACE0}.Release|Win32.ActiveCfg = Release|Win32
		{206AC748-947E-4733-8BEE-E1E34F90ACE0}.Release|Win32.Build.0 = Release|Win32
		{59D976AB-3026-4D21-806A-1E739D9C077C}.Debug|Win32.ActiveCfg = Debug|Win32
		{59D976AB-3026-4D21-806A-1E739D9C077C}.Debug|Win32.Build.0 = Debug|Win32
		{59D976AB-3026-4D21-806A-1E739D9C077C}.Release|Win32.ActiveCfg = Release|Win32
		{59D976AB-3026-4D21-806A-1E739D9C077C}.Release|Win32.Build.0 = Release|Win32
		{EE5EE5A4-39DE-42E3-A86B-BDEFA45686A1}.Debug|Win32.ActiveCfg = Debug|Win32
		{EE5EE5A4-39DE-42E3-A86B-BDEFA45686A1}.Debug|Win32.Build.0 = Debug|Win32
		{EE5EE5A4-39DE-42E3-A86B-BDEFA45686A1}.Release|Win32.ActiveCfg = Release|Win32
		{EE5EE5A4-39DE-42E3-A86B-BDEFA45686A1}.Release|Win32.Build.0 = Release|Win32
		{58F16C73-4103-4084-BBCD-9BFF019EAE9E}.Debug|Win32.ActiveCfg = Debug|Win32
		{58F16C73-4103-4084-BBCD-9BFF019EAE9E}.Debug|Win32.Build.0 = Debug|Win32
		{58F16C73-4103-4084-BBCD-9BFF019EAE9E}.Release|Win32.ActiveCfg = Release|Win32
		{58F16C73-4103-4084-BBCD-9BFF019EAE9E}.Release|Win32.Build.0 = Release|Win32
		{E5DA9C23-112E-4D19-9E59-49354F816C7D}.Debug|Win32.ActiveCfg = Debug|Win32
		{E5DA9C23-112E-4D19-9E59-49354F816C7D}.Debug|Win32.Build.0 = Debug|Win32
		{E5DA9C23-112E-4D19-9E59-49354F816C7D}.Release|Win32.ActiveCfg = Release|Win32
		{E5DA9C23-112E-4D19-9E59-49354F816C7D}.Release|Win32.Build.0 = Release|Win32
		{3FF2B0DD-2EF4-488B-AA16-2F6E97A88426}.Debug|Win32.ActiveCfg = Debug|Win32
		{3FF2B0DD-2EF4-488B-AA16-2F6E97A88426}.Debug|Win32.Build.0 = Debug|Win32
		{3FF2B0DD-2EF4-488B-AA16-2F6E97A88426}.Release|Win32.ActiveCfg = Release|Win32
		{3FF2B0DD-2EF4-488B-AA16-2F6E97A88426}.Release|Win32.Build.0 = Release|Win32
		{01584230-87DC-4984-9C78-F4E279B4F7BB}.Debug|Win32.ActiveCfg = Debug|Win32
		{01584230-87DC-4984-9C78-F4E279B4F7BB}.Debug|Win32.Build.0 = Debug|Win32
		{01584230-87DC-4984-9C78-F4E279B4F7BB}.Release|Win32.ActiveCfg = Release|Win32
		{01584230-87DC-4984-9C78-F4E279B4F7BB}.Release|Win32.Build.0 = Release|Win32
		{7A15C1C2-7282-45E7-98EC-28EB2E4EDDBD}.Debug|Win32.ActiveCfg = Debug|Win32
		{7A15C1C2-7282-45E7-98EC-28EB2E4EDDBD}.Debug|Win32.Build.0 = Debug|Win32
		{7A15C1C2-7282-45E7-98EC-28EB2E4EDDBD}.Release|Win32.ActiveCfg = Release|Win32
		{7A15C1C2-7282-45E7-98EC-28EB2E4EDDBD}.Release|Win32.Build.0 = Release|Win32
		{3798851A-86BE-46BE-8E76-8FACBB5FC6DF}.Debug|Win32.ActiveCfg = Debug|Win32
		{3798851A-86BE-46BE-8E76-8FACBB5FC6DF}.Debug|Win32.Build.0 = Debug|Win32
		{3798851A-86BE-46BE-8E76-8FACBB5FC6DF}.Release|Win32.ActiveCfg = Release|Win32
		{3798851A-86BE-46BE-8E76-8FACBB5FC6DF}.Release|Win32.Build.0 = Release|Win32
		{F60B55CC-32E5-428E-BC41-B411CB3CAEF3}.Debug|Win32.ActiveCfg = Debug|Win32
		{F60B55CC-32E5-428E-BC41-B411CB3CAEF3}.Debug|Win32.Build.0 = Debug|Win32
		{F60B55CC-32E5-428E-BC41-B411CB3CAEF3}.Release|Win32.ActiveCfg = Release|Win32
		{F60B55CC-32E5-428E-BC41-B411CB3CAEF3}.Release|Win32.Build.0 = Release|Win32
		{AA737D07-134E-488C-8BBB-C26E59D63E5E}.Debug|Win32.ActiveCfg = Debug|Win32
		{AA737D07-134E-488C-8BBB-C26E59D63E5E}.Debug|Win32.Build.0 = Debug|Win32
		{AA737D07-134E-488C-8BBB-C26E59D63E5E}.Release|Win32.ActiveCfg = Release|Win32
		{AA737D07-134E-488C-8BBB-C26E59D63E5E}.Release|Win32.Build.0 = Release|Win32
		{6AA8208A-85C9-423A-B77F-1787974D6723}.Debug|Win32.ActiveCfg = Debug|Win32
		{6AA8208A-85C9-423A-B77F-1787974D6723}.Debug|Win32.Build.0 = Debug|Win32
		{6AA8208A-85C9-423A-B77F-1787974D6723}.Release|Win32.ActiveCfg = Release|Win32
		{6AA8208A-85C9-423A-B77F-1787974D6723}.Release|Win32.Build.0 = Release|Win32
		{C43D62A4-9E51-4833-A803-2B1C7B76750C}.Debug|Win32.ActiveCfg = Debug|Win32
		{C43D62A4-9E51-4833-A803-2B1C7B76750C}.Debug|Win32.Build.0 = Debug|Win32
		{C43D62A4-9E51-4833-A803-2B1C7B76750C}.Release|Win32.ActiveCfg = Release|Win32
		{C43D62A4-9E51-4833-A803-2B1C7B76750C}.Release|Win32.Build.0 = Release|Win32
		{06E77489-11D7-4745-8C47-4F4F4D796797}.Debug|Win32.ActiveCfg = Debug|Win32
		{06E77489-11D7-4745-8C47-4F4F4D796797}.Debug|Win32.Build.0 = Debug|Win32
		{06E77489-11D7-4745-8C47-4F4F4D796797}.Release|Win32.ActiveCfg = Release|Win32
		{06E77489-11D7-4745-8C47-4F4F4D796797}.Release|Win32.Build.0 = Release|Win32
	EndGlobalSection
	GlobalSection(SolutionProperties) = preSolution
		HideSolutionNode = FALSE
	EndGlobalSection
EndGlobal
